
Microsoft Visual Studio Solution File, Format Version 12.00
# Visual Studio Version 17
VisualStudioVersion = 17.7.34003.232
MinimumVisualStudioVersion = 10.0.40219.1
Project("{9A19103F-16F7-4668-BE54-9A1E7A4F7556}") = "WareHouseApi", "src\WareHouseApi\WareHouseApi.csproj", "{66D1B0DF-D340-4093-B3BA-1C859A0BBAA5}"
EndProject
Project("{FAE04EC0-301F-11D3-BF4B-00C04F79EFBC}") = "Warehouse.Tests", "tests\Warehouse.Tests\Warehouse.Tests.csproj", "{F439CA2F-3AB7-4B8D-B26B-1DE2610FC3B1}"
EndProject
Global
	GlobalSection(SolutionConfigurationPlatforms) = preSolution
		Debug|Any CPU = Debug|Any CPU
		Release|Any CPU = Release|Any CPU
	EndGlobalSection
	GlobalSection(ProjectConfigurationPlatforms) = postSolution
		{66D1B0DF-D340-4093-B3BA-1C859A0BBAA5}.Debug|Any CPU.ActiveCfg = Debug|Any CPU
		{66D1B0DF-D340-4093-B3BA-1C859A0BBAA5}.Debug|Any CPU.Build.0 = Debug|Any CPU
		{66D1B0DF-D340-4093-B3BA-1C859A0BBAA5}.Release|Any CPU.ActiveCfg = Release|Any CPU
		{66D1B0DF-D340-4093-B3BA-1C859A0BBAA5}.Release|Any CPU.Build.0 = Release|Any CPU
		{F439CA2F-3AB7-4B8D-B26B-1DE2610FC3B1}.Debug|Any CPU.ActiveCfg = Debug|Any CPU
		{F439CA2F-3AB7-4B8D-B26B-1DE2610FC3B1}.Debug|Any CPU.Build.0 = Debug|Any CPU
		{F439CA2F-3AB7-4B8D-B26B-1DE2610FC3B1}.Release|Any CPU.ActiveCfg = Release|Any CPU
		{F439CA2F-3AB7-4B8D-B26B-1DE2610FC3B1}.Release|Any CPU.Build.0 = Release|Any CPU
	EndGlobalSection
	GlobalSection(SolutionProperties) = preSolution
		HideSolutionNode = FALSE
	EndGlobalSection
	GlobalSection(ExtensibilityGlobals) = postSolution
		SolutionGuid = {91110AAD-7C65-4A1E-8400-7AADEA0841D7}
	EndGlobalSection
EndGlobal
